schema: '2.0'
stages:
  load_data:
    cmd: python src/load_data.py --config=params.yaml
    deps:
    - path: data_given/wine-quality.csv
      hash: md5
      md5: 5d6f24258e3c50bb01a61194b5401f5d
      size: 264426
    - path: src/get_data.py
      hash: md5
      md5: 60024f18b8c26b2370b105d01d1a673f
      size: 661
    - path: src/load_data.py
      hash: md5
      md5: bf18441be08f61ce0bcd82265283b301
      size: 640
    outs:
    - path: data/raw/wine-quality.csv
      hash: md5
      md5: 30c47056daa28237b4b2e956f476d13d
      size: 292287
  split_data:
    cmd: python src/split_data.py --config=params.yaml
    deps:
    - path: data/raw/wine-quality.csv
      hash: md5
      md5: 30c47056daa28237b4b2e956f476d13d
      size: 292287
    - path: src/split_data.py
      hash: md5
      md5: 52dd1eae09cb80c7c57303b703a6b950
      size: 981
    outs:
    - path: data/processed/test_wine.csv
      hash: md5
      md5: 1f48baa976fd6b64f1391ae498e163c3
      size: 58606
    - path: data/processed/train_wine.csv
      hash: md5
      md5: 7879d71238ea191c0ffe32056d862e61
      size: 233828
